// !$*UTF8*$!
{
	archiveVersion = 1;
	classes = {
	};
	objectVersion = 50;
	objects = {

/* Begin PBXBuildFile section */
		5E09910D24CF333500A69FF5 /* AppDelegate.swift in Sources */ = {isa = PBXBuildFile; fileRef = 5E09910C24CF333500A69FF5 /* AppDelegate.swift */; };
		5E09911424CF333800A69FF5 /* Assets.xcassets in Resources */ = {isa = PBXBuildFile; fileRef = 5E09911324CF333800A69FF5 /* Assets.xcassets */; };
		5E09911724CF333800A69FF5 /* LaunchScreen.storyboard in Resources */ = {isa = PBXBuildFile; fileRef = 5E09911524CF333800A69FF5 /* LaunchScreen.storyboard */; };
		5E48FE5824CF9CBD000BCB25 /* WebViewVC.swift in Sources */ = {isa = PBXBuildFile; fileRef = 5E48FE5724CF9CBD000BCB25 /* WebViewVC.swift */; };
		5E48FE5B24CFA01D000BCB25 /* WebKit.framework in Frameworks */ = {isa = PBXBuildFile; fileRef = 5E48FE5A24CFA01D000BCB25 /* WebKit.framework */; };
		5E48FE5D24CFD473000BCB25 /* RestarentCollectionVC.swift in Sources */ = {isa = PBXBuildFile; fileRef = 5E48FE5C24CFD473000BCB25 /* RestarentCollectionVC.swift */; };
		5E48FE5F24CFD4F5000BCB25 /* RestarentCell.swift in Sources */ = {isa = PBXBuildFile; fileRef = 5E48FE5E24CFD4F5000BCB25 /* RestarentCell.swift */; };
		5E48FE6124CFD68D000BCB25 /* Restarents.swift in Sources */ = {isa = PBXBuildFile; fileRef = 5E48FE6024CFD68D000BCB25 /* Restarents.swift */; };
		5E48FE6724D00C19000BCB25 /* JSONStructure.swift in Sources */ = {isa = PBXBuildFile; fileRef = 5E48FE6624D00C19000BCB25 /* JSONStructure.swift */; };
		5E48FE6D24D05BFA000BCB25 /* LunchVC.swift in Sources */ = {isa = PBXBuildFile; fileRef = 5E48FE6C24D05BFA000BCB25 /* LunchVC.swift */; };
		5E48FE7124D06B5B000BCB25 /* Main.storyboard in Resources */ = {isa = PBXBuildFile; fileRef = 5E48FE7024D06B5B000BCB25 /* Main.storyboard */; };
/* End PBXBuildFile section */

/* Begin PBXFileReference section */
		5E09910924CF333500A69FF5 /* RestarentProject.app */ = {isa = PBXFileReference; explicitFileType = wrapper.application; includeInIndex = 0; path = RestarentProject.app; sourceTree = BUILT_PRODUCTS_DIR; };
		5E09910C24CF333500A69FF5 /* AppDelegate.swift */ = {isa = PBXFileReference; lastKnownFileType = sourcecode.swift; path = AppDelegate.swift; sourceTree = "<group>"; };
		5E09911324CF333800A69FF5 /* Assets.xcassets */ = {isa = PBXFileReference; lastKnownFileType = folder.assetcatalog; path = Assets.xcassets; sourceTree = "<group>"; };
		5E09911624CF333800A69FF5 /* Base */ = {isa = PBXFileReference; lastKnownFileType = file.storyboard; name = Base; path = Base.lproj/LaunchScreen.storyboard; sourceTree = "<group>"; };
		5E09911824CF333800A69FF5 /* Info.plist */ = {isa = PBXFileReference; lastKnownFileType = text.plist.xml; path = Info.plist; sourceTree = "<group>"; };
		5E48FE5724CF9CBD000BCB25 /* WebViewVC.swift */ = {isa = PBXFileReference; lastKnownFileType = sourcecode.swift; path = WebViewVC.swift; sourceTree = "<group>"; };
		5E48FE5A24CFA01D000BCB25 /* WebKit.framework */ = {isa = PBXFileReference; lastKnownFileType = wrapper.framework; name = WebKit.framework; path = System/Library/Frameworks/WebKit.framework; sourceTree = SDKROOT; };
		5E48FE5C24CFD473000BCB25 /* RestarentCollectionVC.swift */ = {isa = PBXFileReference; lastKnownFileType = sourcecode.swift; path = RestarentCollectionVC.swift; sourceTree = "<group>"; };
		5E48FE5E24CFD4F5000BCB25 /* RestarentCell.swift */ = {isa = PBXFileReference; lastKnownFileType = sourcecode.swift; path = RestarentCell.swift; sourceTree = "<group>"; };
		5E48FE6024CFD68D000BCB25 /* Restarents.swift */ = {isa = PBXFileReference; lastKnownFileType = sourcecode.swift; path = Restarents.swift; sourceTree = "<group>"; };
		5E48FE6624D00C19000BCB25 /* JSONStructure.swift */ = {isa = PBXFileReference; lastKnownFileType = sourcecode.swift; path = JSONStructure.swift; sourceTree = "<group>"; };
		5E48FE6C24D05BFA000BCB25 /* LunchVC.swift */ = {isa = PBXFileReference; lastKnownFileType = sourcecode.swift; path = LunchVC.swift; sourceTree = "<group>"; };
		5E48FE7024D06B5B000BCB25 /* Main.storyboard */ = {isa = PBXFileReference; fileEncoding = 4; lastKnownFileType = file.storyboard; path = Main.storyboard; sourceTree = "<group>"; };
/* End PBXFileReference section */

/* Begin PBXFrameworksBuildPhase section */
		5E09910624CF333500A69FF5 /* Frameworks */ = {
			isa = PBXFrameworksBuildPhase;
			buildActionMask = 2147483647;
			files = (
				5E48FE5B24CFA01D000BCB25 /* WebKit.framework in Frameworks */,
			);
			runOnlyForDeploymentPostprocessing = 0;
		};
/* End PBXFrameworksBuildPhase section */

/* Begin PBXGroup section */
		5E09910024CF333500A69FF5 = {
			isa = PBXGroup;
			children = (
				5E48FE7724D06D07000BCB25 /* supportingFile */,
				5E48FE7524D06BF7000BCB25 /* global */,
				5E48FE7424D06BEB000BCB25 /* model */,
				5E48FE7324D06BDE000BCB25 /* view */,
				5E48FE7224D06BC2000BCB25 /* controller */,
				5E09910B24CF333500A69FF5 /* RestarentProject */,
				5E09910A24CF333500A69FF5 /* Products */,
				5E48FE5924CFA01D000BCB25 /* Frameworks */,
			);
			sourceTree = "<group>";
		};
		5E09910A24CF333500A69FF5 /* Products */ = {
			isa = PBXGroup;
			children = (
				5E09910924CF333500A69FF5 /* RestarentProject.app */,
			);
			name = Products;
			sourceTree = "<group>";
		};
		5E09910B24CF333500A69FF5 /* RestarentProject */ = {
			isa = PBXGroup;
			children = (
				5E09911824CF333800A69FF5 /* Info.plist */,
			);
			path = RestarentProject;
			sourceTree = "<group>";
		};
		5E48FE5924CFA01D000BCB25 /* Frameworks */ = {
			isa = PBXGroup;
			children = (
				5E48FE5A24CFA01D000BCB25 /* WebKit.framework */,
			);
			name = Frameworks;
			sourceTree = "<group>";
		};
		5E48FE7224D06BC2000BCB25 /* controller */ = {
			isa = PBXGroup;
			children = (
				5E48FE5724CF9CBD000BCB25 /* WebViewVC.swift */,
				5E48FE5C24CFD473000BCB25 /* RestarentCollectionVC.swift */,
				5E48FE5E24CFD4F5000BCB25 /* RestarentCell.swift */,
				5E48FE6C24D05BFA000BCB25 /* LunchVC.swift */,
			);
			path = controller;
			sourceTree = "<group>";
		};
		5E48FE7324D06BDE000BCB25 /* view */ = {
			isa = PBXGroup;
			children = (
				5E48FE7024D06B5B000BCB25 /* Main.storyboard */,
			);
			path = view;
			sourceTree = "<group>";
		};
		5E48FE7424D06BEB000BCB25 /* model */ = {
			isa = PBXGroup;
			children = (
				5E48FE6024CFD68D000BCB25 /* Restarents.swift */,
				5E48FE6624D00C19000BCB25 /* JSONStructure.swift */,
			);
			path = model;
			sourceTree = "<group>";
		};
		5E48FE7524D06BF7000BCB25 /* global */ = {
			isa = PBXGroup;
			children = (
				5E48FE7624D06C11000BCB25 /* controller */,
			);
			path = global;
			sourceTree = "<group>";
		};
		5E48FE7624D06C11000BCB25 /* controller */ = {
			isa = PBXGroup;
			children = (
				5E09910C24CF333500A69FF5 /* AppDelegate.swift */,
			);
			path = controller;
			sourceTree = "<group>";
		};
		5E48FE7724D06D07000BCB25 /* supportingFile */ = {
			isa = PBXGroup;
			children = (
				5E09911324CF333800A69FF5 /* Assets.xcassets */,
				5E09911524CF333800A69FF5 /* LaunchScreen.storyboard */,
			);
			path = supportingFile;
			sourceTree = "<group>";
		};
/* End PBXGroup section */

/* Begin PBXNativeTarget section */
		5E09910824CF333500A69FF5 /* RestarentProject */ = {
			isa = PBXNativeTarget;
			buildConfigurationList = 5E09911B24CF333800A69FF5 /* Build configuration list for PBXNativeTarget "RestarentProject" */;
			buildPhases = (
				5E09910524CF333500A69FF5 /* Sources */,
				5E09910624CF333500A69FF5 /* Frameworks */,
				5E09910724CF333500A69FF5 /* Resources */,
			);
			buildRules = (
			);
			dependencies = (
			);
			name = RestarentProject;
			productName = RestarentProject;
			productReference = 5E09910924CF333500A69FF5 /* RestarentProject.app */;
			productType = "com.apple.product-type.application";
		};
/* End PBXNativeTarget section */

/* Begin PBXProject section */
		5E09910124CF333500A69FF5 /* Project object */ = {
			isa = PBXProject;
			attributes = {
				LastSwiftUpdateCheck = 1030;
				LastUpgradeCheck = 1030;
				ORGANIZATIONNAME = "natarajan k";
				TargetAttributes = {
					5E09910824CF333500A69FF5 = {
						CreatedOnToolsVersion = 10.3;
					};
				};
			};
			buildConfigurationList = 5E09910424CF333500A69FF5 /* Build configuration list for PBXProject "RestarentProject" */;
			compatibilityVersion = "Xcode 9.3";
			developmentRegion = en;
			hasScannedForEncodings = 0;
			knownRegions = (
				en,
				Base,
			);
			mainGroup = 5E09910024CF333500A69FF5;
			productRefGroup = 5E09910A24CF333500A69FF5 /* Products */;
			projectDirPath = "";
			projectRoot = "";
			targets = (
				5E09910824CF333500A69FF5 /* RestarentProject */,
			);
		};
/* End PBXProject section */

/* Begin PBXResourcesBuildPhase section */
		5E09910724CF333500A69FF5 /* Resources */ = {
			isa = PBXResourcesBuildPhase;
			buildActionMask = 2147483647;
			files = (
				5E09911724CF333800A69FF5 /* LaunchScreen.storyboard in Resources */,
				5E09911424CF333800A69FF5 /* Assets.xcassets in Resources */,
				5E48FE7124D06B5B000BCB25 /* Main.storyboard in Resources */,
			);
			runOnlyForDeploymentPostprocessing = 0;
		};
/* End PBXResourcesBuildPhase section */

/* Begin PBXSourcesBuildPhase section */
		5E09910524CF333500A69FF5 /* Sources */ = {
			isa = PBXSourcesBuildPhase;
			buildActionMask = 2147483647;
			files = (
				5E48FE5824CF9CBD000BCB25 /* WebViewVC.swift in Sources */,
				5E48FE6D24D05BFA000BCB25 /* LunchVC.swift in Sources */,
				5E48FE5D24CFD473000BCB25 /* RestarentCollectionVC.swift in Sources */,
				5E48FE6124CFD68D000BCB25 /* Restarents.swift in Sources */,
				5E48FE6724D00C19000BCB25 /* JSONStructure.swift in Sources */,
				5E48FE5F24CFD4F5000BCB25 /* RestarentCell.swift in Sources */,
				5E09910D24CF333500A69FF5 /* AppDelegate.swift in Sources */,
			);
			runOnlyForDeploymentPostprocessing = 0;
		};
/* End PBXSourcesBuildPhase section */

/* Begin PBXVariantGroup section */
		5E09911524CF333800A69FF5 /* LaunchScreen.storyboard */ = {
			isa = PBXVariantGroup;
			children = (
				5E09911624CF333800A69FF5 /* Base */,
			);
			name = LaunchScreen.storyboard;
			sourceTree = "<group>";
		};
/* End PBXVariantGroup section */

/* Begin XCBuildConfiguration section */
		5E09911924CF333800A69FF5 /* Debug */ = {
			isa = XCBuildConfiguration;
			buildSettings = {
				ALWAYS_SEARCH_USER_PATHS = NO;
				CLANG_ANALYZER_NONNULL = YES;
				CLANG_ANALYZER_NUMBER_OBJECT_CONVERSION = YES_AGGRESSIVE;
				CLANG_CXX_LANGUAGE_STANDARD = "gnu++14";
				CLANG_CXX_LIBRARY = "libc++";
				CLANG_ENABLE_MODULES = YES;
				CLANG_ENABLE_OBJC_ARC = YES;
				CLANG_ENABLE_OBJC_WEAK = YES;
				CLANG_WARN_BLOCK_CAPTURE_AUTORELEASING = YES;
				CLANG_WARN_BOOL_CONVERSION = YES;
				CLANG_WARN_COMMA = YES;
				CLANG_WARN_CONSTANT_CONVERSION = YES;
				CLANG_WARN_DEPRECATED_OBJC_IMPLEMENTATIONS = YES;
				CLANG_WARN_DIRECT_OBJC_ISA_USAGE = YES_ERROR;
				CLANG_WARN_DOCUMENTATION_COMMENTS = YES;
				CLANG_WARN_EMPTY_BODY = YES;
				CLANG_WARN_ENUM_CONVERSION = YES;
				CLANG_WARN_INFINITE_RECURSION = YES;
				CLANG_WARN_INT_CONVERSION = YES;
				CLANG_WARN_NON_LITERAL_NULL_CONVERSION = YES;
				CLANG_WARN_OBJC_IMPLICIT_RETAIN_SELF = YES;
				CLANG_WARN_OBJC_LITERAL_CONVERSION = YES;
				CLANG_WARN_OBJC_ROOT_CLASS = YES_ERROR;
				CLANG_WARN_RANGE_LOOP_ANALYSIS = YES;
				CLANG_WARN_STRICT_PROTOTYPES = YES;
				CLANG_WARN_SUSPICIOUS_MOVE = YES;
				CLANG_WARN_UNGUARDED_AVAILABILITY = YES_AGGRESSIVE;
				CLANG_WARN_UNREACHABLE_CODE = YES;
				CLANG_WARN__DUPLICATE_METHOD_MATCH = YES;
				CODE_SIGN_IDENTITY = "iPhone Developer";
				COPY_PHASE_STRIP = NO;
				DEBUG_INFORMATION_FORMAT = dwarf;
				ENABLE_STRICT_OBJC_MSGSEND = YES;
				ENABLE_TESTABILITY = YES;
				GCC_C_LANGUAGE_STANDARD = gnu11;
				GCC_DYNAMIC_NO_PIC = NO;
				GCC_NO_COMMON_BLOCKS = YES;
				GCC_OPTIMIZATION_LEVEL = 0;
				GCC_PREPROCESSOR_DEFINITIONS = (
					"DEBUG=1",
					"$(inherited)",
				);
				GCC_WARN_64_TO_32_BIT_CONVERSION = YES;
				GCC_WARN_ABOUT_RETURN_TYPE = YES_ERROR;
				GCC_WARN_UNDECLARED_SELECTOR = YES;
				GCC_WARN_UNINITIALIZED_AUTOS = YES_AGGRESSIVE;
				GCC_WARN_UNUSED_FUNCTION = YES;
				GCC_WARN_UNUSED_VARIABLE = YES;
				IPHONEOS_DEPLOYMENT_TARGET = 12.4;
				MTL_ENABLE_DEBUG_INFO = INCLUDE_SOURCE;
				MTL_FAST_MATH = YES;
				ONLY_ACTIVE_ARCH = YES;
				SDKROOT = iphoneos;
				SWIFT_ACTIVE_COMPILATION_CONDITIONS = DEBUG;
				SWIFT_OPTIMIZATION_LEVEL = "-Onone";
			};
			name = Debug;
		};
		5E09911A24CF333800A69FF5 /* Release */ = {
			isa = XCBuildConfiguration;
			buildSettings = {
				ALWAYS_SEARCH_USER_PATHS = NO;
				CLANG_ANALYZER_NONNULL = YES;
				CLANG_ANALYZER_NUMBER_OBJECT_CONVERSION = YES_AGGRESSIVE;
				CLANG_CXX_LANGUAGE_STANDARD = "gnu++14";
				CLANG_CXX_LIBRARY = "libc++";
				CLANG_ENABLE_MODULES = YES;
				CLANG_ENABLE_OBJC_ARC = YES;
				CLANG_ENABLE_OBJC_WEAK = YES;
				CLANG_WARN_BLOCK_CAPTURE_AUTORELEASING = YES;
				CLANG_WARN_BOOL_CONVERSION = YES;
				CLANG_WARN_COMMA = YES;
				CLANG_WARN_CONSTANT_CONVERSION = YES;
				CLANG_WARN_DEPRECATED_OBJC_IMPLEMENTATIONS = YES;
				CLANG_WARN_DIRECT_OBJC_ISA_USAGE = YES_ERROR;
				CLANG_WARN_DOCUMENTATION_COMMENTS = YES;
				CLANG_WARN_EMPTY_BODY = YES;
				CLANG_WARN_ENUM_CONVERSION = YES;
				CLANG_WARN_INFINITE_RECURSION = YES;
				CLANG_WARN_INT_CONVERSION = YES;
				CLANG_WARN_NON_LITERAL_NULL_CONVERSION = YES;
				CLANG_WARN_OBJC_IMPLICIT_RETAIN_SELF = YES;
				CLANG_WARN_OBJC_LITERAL_CONVERSION = YES;
				CLANG_WARN_OBJC_ROOT_CLASS = YES_ERROR;
				CLANG_WARN_RANGE_LOOP_ANALYSIS = YES;
				CLANG_WARN_STRICT_PROTOTYPES = YES;
				CLANG_WARN_SUSPICIOUS_MOVE = YES;
				CLANG_WARN_UNGUARDED_AVAILABILITY = YES_AGGRESSIVE;
				CLANG_WARN_UNREACHABLE_CODE = YES;
				CLANG_WARN__DUPLICATE_METHOD_MATCH = YES;
				CODE_SIGN_IDENTITY = "iPhone Developer";
				COPY_PHASE_STRIP = NO;
				DEBUG_INFORMATION_FORMAT = "dwarf-with-dsym";
				ENABLE_NS_ASSERTIONS = NO;
				ENABLE_STRICT_OBJC_MSGSEND = YES;
				GCC_C_LANGUAGE_STANDARD = gnu11;
				GCC_NO_COMMON_BLOCKS = YES;
				GCC_WARN_64_TO_32_BIT_CONVERSION = YES;
				GCC_WARN_ABOUT_RETURN_TYPE = YES_ERROR;
				GCC_WARN_UNDECLARED_SELECTOR = YES;
				GCC_WARN_UNINITIALIZED_AUTOS = YES_AGGRESSIVE;
				GCC_WARN_UNUSED_FUNCTION = YES;
				GCC_WARN_UNUSED_VARIABLE = YES;
				IPHONEOS_DEPLOYMENT_TARGET = 12.4;
				MTL_ENABLE_DEBUG_INFO = NO;
				MTL_FAST_MATH = YES;
				SDKROOT = iphoneos;
				SWIFT_COMPILATION_MODE = wholemodule;
				SWIFT_OPTIMIZATION_LEVEL = "-O";
				VALIDATE_PRODUCT = YES;
			};
			name = Release;
		};
		5E09911C24CF333800A69FF5 /* Debug */ = {
			isa = XCBuildConfiguration;
			buildSettings = {
				ASSETCATALOG_COMPILER_APPICON_NAME = AppIcon;
				CODE_SIGN_STYLE = Automatic;
				DEVELOPMENT_TEAM = G37P3MZ844;
				INFOPLIST_FILE = RestarentProject/Info.plist;
				LD_RUNPATH_SEARCH_PATHS = (
					"$(inherited)",
					"@executable_path/Frameworks",
				);
				PRODUCT_BUNDLE_IDENTIFIER = com.butterfly.RestarentProject;
				PRODUCT_NAME = "$(TARGET_NAME)";
				SWIFT_VERSION = 5.0;
				TARGETED_DEVICE_FAMILY = 1;
			};
			name = Debug;
		};
		5E09911D24CF333800A69FF5 /* Release */ = {
			isa = XCBuildConfiguration;
			buildSettings = {
				ASSETCATALOG_COMPILER_APPICON_NAME = AppIcon;
				CODE_SIGN_STYLE = Automatic;
				DEVELOPMENT_TEAM = G37P3MZ844;
				INFOPLIST_FILE = RestarentProject/Info.plist;
				LD_RUNPATH_SEARCH_PATHS = (
					"$(inherited)",
					"@executable_path/Frameworks",
				);
				PRODUCT_BUNDLE_IDENTIFIER = com.butterfly.RestarentProject;
				PRODUCT_NAME = "$(TARGET_NAME)";
				SWIFT_VERSION = 5.0;
				TARGETED_DEVICE_FAMILY = 1;
			};
			name = Release;
		};
/* End XCBuildConfiguration section */

/* Begin XCConfigurationList section */
		5E09910424CF333500A69FF5 /* Build configuration list for PBXProject "RestarentProject" */ = {
			isa = XCConfigurationList;
			buildConfigurations = (
				5E09911924CF333800A69FF5 /* Debug */,
				5E09911A24CF333800A69FF5 /* Release */,
			);
			defaultConfigurationIsVisible = 0;
			defaultConfigurationName = Release;
		};
		5E09911B24CF333800A69FF5 /* Build configuration list for PBXNativeTarget "RestarentProject" */ = {
			isa = XCConfigurationList;
			buildConfigurations = (
				5E09911C24CF333800A69FF5 /* Debug */,
				5E09911D24CF333800A69FF5 /* Release */,
			);
			defaultConfigurationIsVisible = 0;
			defaultConfigurationName = Release;
		};
/* End XCConfigurationList section */
	};
	rootObject = 5E09910124CF333500A69FF5 /* Project object */;
}
